// !$*UTF8*$!
{
	archiveVersion = 1;
	classes = {
	};
	objectVersion = 77;
	objects = {

/* Begin PBXBuildFile section */
		03182DCF6AFF925FFADEFD79 /* Ping_A.wav in Resources */ = {isa = PBXBuildFile; fileRef = BC140042A52E2DBAA0B24C14 /* Ping_A.wav */; };
		0602701CA9701269A9121E1D /* Signal_A.wav in Resources */ = {isa = PBXBuildFile; fileRef = 3705251F0F13E1FF8DF9F062 /* Signal_A.wav */; };
		06CC0636B8547550C9AF8612 /* Classic_OffAxis.wav in Resources */ = {isa = PBXBuildFile; fileRef = 04D709A0E8819D2B3F826346 /* Classic_OffAxis.wav */; };
		0AE9BEBF8577D39A153B4E95 /* Drop_Behind.wav in Resources */ = {isa = PBXBuildFile; fileRef = 252328FBC71514C7C7C6BED1 /* Drop_Behind.wav */; };
		0AF348FD165D104C1A730655 /* Mallet_A.wav in Resources */ = {isa = PBXBuildFile; fileRef = 41CCE84464CCFE11C58B7135 /* Mallet_A.wav */; };
		0D1B7CE555C4176F6A127585 /* Mallet_Very_Slow_Behind.wav in Resources */ = {isa = PBXBuildFile; fileRef = 685C82A76E09B029BB13067F /* Mallet_Very_Slow_Behind.wav */; };
		0D92C5CD92E3FCC7B88CDA05 /* Flare_A.wav in Resources */ = {isa = PBXBuildFile; fileRef = 312AE5F79402F442CC3BA329 /* Flare_A.wav */; };
		13C0DB2BA18D3AACBF4A935B /* Ping_B.wav in Resources */ = {isa = PBXBuildFile; fileRef = 12210B4764596CE0F91B2D55 /* Ping_B.wav */; };
		15EF5F4421C92584F06C98A3 /* Travel_inter_v2_spatial_48k.wav in Resources */ = {isa = PBXBuildFile; fileRef = 15061C74D00EFE34988700A4 /* Travel_inter_v2_spatial_48k.wav */; };
		1631675DCEC37D0773C97F98 /* street_non_1c.wav in Resources */ = {isa = PBXBuildFile; fileRef = 384035A23CE2F18C14204BDD /* street_non_1c.wav */; };
		18E8A62B92C9364C9E03CC32 /* mode_exit.wav in Resources */ = {isa = PBXBuildFile; fileRef = 4201157FFC9CE390162EF44E /* mode_exit.wav */; };
		1A9E3D6C0DE9992087C436DD /* callouts_on.wav in Resources */ = {isa = PBXBuildFile; fileRef = 1F36A4560A59DF7925DEEB86 /* callouts_on.wav */; };
		1D6FF000677A4017EC9B1CBF /* Travel_end_v2_spatial_48k.wav in Resources */ = {isa = PBXBuildFile; fileRef = 9795345D375DB2DA39BFF6BA /* Travel_end_v2_spatial_48k.wav */; };
		218E7CBDF9B9485FE0624A32 /* connection_success.wav in Resources */ = {isa = PBXBuildFile; fileRef = 42F7A1DCB44CC0504964EE68 /* connection_success.wav */; };
		22EA1CB33A17DCC6FC82406D /* Assets.xcassets in Resources */ = {isa = PBXBuildFile; fileRef = F543015C899423D4B01CEB2E /* Assets.xcassets */; };
		28DB1ADBBD0196C823A81FAE /* online.wav in Resources */ = {isa = PBXBuildFile; fileRef = 25DD584361242C90CC360293 /* online.wav */; };
		29F78B53420D0FB948144EBD /* Mallet_Behind.wav in Resources */ = {isa = PBXBuildFile; fileRef = B88518E3CA71E95AABE1B23E /* Mallet_Behind.wav */; };
		2E4D4B754F0413FAF6296F6E /* SS_beaconFound2_48k.wav in Resources */ = {isa = PBXBuildFile; fileRef = 5DF7ED23A0C9C0B4B78D9340 /* SS_beaconFound2_48k.wav */; };
		307C2654CD5972A25FB7FD87 /* iOSApp.swift in Sources */ = {isa = PBXBuildFile; fileRef = 668CECA83ACC03A83C85A623 /* iOSApp.swift */; };
		34E63E7A7605D0C24B597E36 /* sense_location.wav in Resources */ = {isa = PBXBuildFile; fileRef = EA68DA79CF33052DDCF932AA /* sense_location.wav */; };
		3512990AEBD8A7C8A71F5E34 /* Mallet_Slow_A.wav in Resources */ = {isa = PBXBuildFile; fileRef = CB23F44A226359392EDDEE60 /* Mallet_Slow_A.wav */; };
		372BB8DC830A92604266AC09 /* Drop_A+.wav in Resources */ = {isa = PBXBuildFile; fileRef = 3C1E7F2B85C7137B40F13E85 /* Drop_A+.wav */; };
		430F33902D687502EC351E1F /* low_confidence.wav in Resources */ = {isa = PBXBuildFile; fileRef = 6F83A0C8062DC9F939341406 /* low_confidence.wav */; };
		440A20EDEC0DC2548A1C45D7 /* Drop_A.wav in Resources */ = {isa = PBXBuildFile; fileRef = 3BCE242938E2E404FA82A6D6 /* Drop_A.wav */; };
		44BBF84E6963C7C1BDAC2346 /* Shimmer_B.wav in Resources */ = {isa = PBXBuildFile; fileRef = 69E27F0F3EFA3E3F3BE3A0E9 /* Shimmer_B.wav */; };
		4588829E44B8D75A7B3D39FC /* Signal_Slow_A+.wav in Resources */ = {isa = PBXBuildFile; fileRef = E7660E8AB3BD10190361B955 /* Signal_Slow_A+.wav */; };
		466411D1B476EA79C5CC37E9 /* hush.wav in Resources */ = {isa = PBXBuildFile; fileRef = 5D95E25EAED5782BB9577F1E /* hush.wav */; };
		479242B926A74D7CD51CAF5C /* Shimmer_A.wav in Resources */ = {isa = PBXBuildFile; fileRef = D77A7CC59EB8822AFB41EBF7 /* Shimmer_A.wav */; };
		4E6AF2B1AD9AF9459461F51F /* Current_B.wav in Resources */ = {isa = PBXBuildFile; fileRef = 63E3E2F01FD71339D88277E5 /* Current_B.wav */; };
		54B9B2ECAB456146D0AE7FDF /* Mallet_Very_Slow_A.wav in Resources */ = {isa = PBXBuildFile; fileRef = 54C85663E032417A1A925B66 /* Mallet_Very_Slow_A.wav */; };
		566BA84E19965AA3F6EEA34D /* hunt_complete.wav in Resources */ = {isa = PBXBuildFile; fileRef = 283DCE14EBAC081B4EA68F21 /* hunt_complete.wav */; };
		56B0305B5D3847FC6B326502 /* ContentView.swift in Sources */ = {isa = PBXBuildFile; fileRef = CE8509E5A49E4A5CAAEB3ADB /* ContentView.swift */; };
		58051C4733E72E29BAEA4FF7 /* Signal_Very_Slow_A.wav in Resources */ = {isa = PBXBuildFile; fileRef = C18A5C16FA5A61A90F21AC67 /* Signal_Very_Slow_A.wav */; };
		5D07489F8F9DF4B1CDA3ACE2 /* calibration_success.wav in Resources */ = {isa = PBXBuildFile; fileRef = 67D0264180438E394FFF0AD8 /* calibration_success.wav */; };
		606A0225BAAFB9D12D3467DB /* Flare_Behind.wav in Resources */ = {isa = PBXBuildFile; fileRef = 68F437DA8E3B7C8B5756255A /* Flare_Behind.wav */; };
		61E91A4FC8A40B3CDC568051 /* sense_mobility.wav in Resources */ = {isa = PBXBuildFile; fileRef = DFB88C2C9B850E0ABBAC2057 /* sense_mobility.wav */; };
		65ED681892843A399E9FC70E /* Shimmer_A+.wav in Resources */ = {isa = PBXBuildFile; fileRef = 7356AED84E046D5CF68CE8EA /* Shimmer_A+.wav */; };
		682AA5F7C4197A75AFA7D170 /* Signal_Slow_Behind.wav in Resources */ = {isa = PBXBuildFile; fileRef = 743E229302316CE356D66DA1 /* Signal_Slow_Behind.wav */; };
		76F62B79888BA91A450287B1 /* app_launch.wav in Resources */ = {isa = PBXBuildFile; fileRef = F27C0CE5404CC1C22F7D4278 /* app_launch.wav */; };
		76FB72C15EC179F6B7B7342D /* sense_safety.wav in Resources */ = {isa = PBXBuildFile; fileRef = 4D8C83822BE65E1494C1BA42 /* sense_safety.wav */; };
		7A30758CEC7BBA80AC679199 /* Route_Start.wav in Resources */ = {isa = PBXBuildFile; fileRef = 6F54FCBEB0E7C9130DE2DCEC /* Route_Start.wav */; };
		7DB9BEBE3CA3CF9F03A16EEC /* Travel_reverse_v2_spatial_48k.wav in Resources */ = {isa = PBXBuildFile; fileRef = B2E371D76DAE4F7CD2FAA3CF /* Travel_reverse_v2_spatial_48k.wav */; };
		7FC0E22882C21D8F88D9DF9E /* sense_poi.wav in Resources */ = {isa = PBXBuildFile; fileRef = 2CDF00E866BD6E5693D1EF7A /* sense_poi.wav */; };
		838F5E44D02A906C838F9833 /* callouts_off.wav in Resources */ = {isa = PBXBuildFile; fileRef = DFEED1EB99A2F52A9BFDC076 /* callouts_off.wav */; };
		84D970FD8668C9E00B4C9462 /* information_alert.wav in Resources */ = {isa = PBXBuildFile; fileRef = 6F0430DB9B21379E3BCA0A38 /* information_alert.wav */; };
		880287031C0FBB2CC8265E0D /* Classic_OnAxis.wav in Resources */ = {isa = PBXBuildFile; fileRef = 04E6744764EE0D7F2E47B0C4 /* Classic_OnAxis.wav */; };
		8B96063B6598968AE0A51139 /* Flare_A+.wav in Resources */ = {isa = PBXBuildFile; fileRef = 71CA3CB7FF96500AC8E06567 /* Flare_A+.wav */; };
		8CA11E8F52A524F7080D6719 /* Tactile_Behind.wav in Resources */ = {isa = PBXBuildFile; fileRef = 54D7202A29EF44AF40EB7AFB /* Tactile_Behind.wav */; };
		92602D2C4B4A9ACD2E328C17 /* Proximity_Close.wav in Resources */ = {isa = PBXBuildFile; fileRef = E4EE6004814BF92C29FCA04A /* Proximity_Close.wav */; };
		97B06478F69CBEA4581F4E59 /* SS_logo4_48k.wav in Resources */ = {isa = PBXBuildFile; fileRef = 2057B6FF30E6E25B420B43BC /* SS_logo4_48k.wav */; };
		A1F86C87367FCCC68A696660 /* Tactile_OffAxis.wav in Resources */ = {isa = PBXBuildFile; fileRef = 88027EDA9B404D16AE9EA5E0 /* Tactile_OffAxis.wav */; };
		A2AB0B1D82AAAE33FB5546F9 /* offline.wav in Resources */ = {isa = PBXBuildFile; fileRef = FE46E8BE7F5C0D4E6C52A2AA /* offline.wav */; };
		A5025FC5F7A1BD4BAA13B123 /* Mallet_A+.wav in Resources */ = {isa = PBXBuildFile; fileRef = 81D445025C4519B474B9EF0F /* Mallet_A+.wav */; };
		A7605106C9CCCADEFB0831DD /* virtual_remote_click_down.wav in Resources */ = {isa = PBXBuildFile; fileRef = 6A8E45B00E6B31D3C6C9FD6B /* virtual_remote_click_down.wav */; };
		A990F2CAD29E1B6A7166873E /* Current_Behind.wav in Resources */ = {isa = PBXBuildFile; fileRef = C1D9C9B92C46191DC504497C /* Current_Behind.wav */; };
		AB405D03C4F4085B7C2A91EE /* Flare_B.wav in Resources */ = {isa = PBXBuildFile; fileRef = 6117E1E3D195272314F528A8 /* Flare_B.wav */; };
		AFF910437C9FADE358658A92 /* flag_found.wav in Resources */ = {isa = PBXBuildFile; fileRef = DAE44CF4D9C86213E8615448 /* flag_found.wav */; };
		B2E3B5CD614F94473BEAFFB2 /* Proximity_Far.wav in Resources */ = {isa = PBXBuildFile; fileRef = 2B939D5D6214B3BC13A7F451 /* Proximity_Far.wav */; };
		B44679FB977A60AE77543108 /* Travel_start_v2_spatial_48k.wav in Resources */ = {isa = PBXBuildFile; fileRef = B768E3595918515338960671 /* Travel_start_v2_spatial_48k.wav */; };
		B565D8CE1062E1A88096D16E /* Signal_Slow_A.wav in Resources */ = {isa = PBXBuildFile; fileRef = B586A7F21BEAF893CA5F36B0 /* Signal_Slow_A.wav */; };
		B5838969C3A6D731FB3941BC /* virtual_remote_click_up.wav in Resources */ = {isa = PBXBuildFile; fileRef = 5DE9D9164B72A5A1C373CB99 /* virtual_remote_click_up.wav */; };
		B5E56ED6907A3AA210528AC3 /* Mallet_Very_Slow_A+.wav in Resources */ = {isa = PBXBuildFile; fileRef = 7C65788EADF304B58D911232 /* Mallet_Very_Slow_A+.wav */; };
		B7CAB891FC2D1A9005B631C7 /* calibration_in_progress.wav in Resources */ = {isa = PBXBuildFile; fileRef = 75CB794F6E75E91D11A77E79 /* calibration_in_progress.wav */; };
		BB445A79986428BEFE434B76 /* SS_streetFound_48k.wav in Resources */ = {isa = PBXBuildFile; fileRef = D2124FCF3D3FA3BD6EEF93F4 /* SS_streetFound_48k.wav */; };
		BF2367F2E2E2FC977BE3AD2C /* Signal_Very_Slow_Behind.wav in Resources */ = {isa = PBXBuildFile; fileRef = A16211ABC92AA5019BABBDE7 /* Signal_Very_Slow_Behind.wav */; };
		C07B19A824515173C982E65B /* mode_enter.wav in Resources */ = {isa = PBXBuildFile; fileRef = C37CBD2959CC0C50EF5D7DAE /* mode_enter.wav */; };
		C33C62DD13619C0216CD7468 /* Signal_Very_Slow_A+.wav in Resources */ = {isa = PBXBuildFile; fileRef = 0205E45E0D2447E886FDA7D5 /* Signal_Very_Slow_A+.wav */; };
		C85ECD3394A209D1BF66F02E /* Shimmer_Behind.wav in Resources */ = {isa = PBXBuildFile; fileRef = B3CEA65971BE054FA297FB8B /* Shimmer_Behind.wav */; };
		CC057C4EBC16E29CBBB353F5 /* invalid_function.wav in Resources */ = {isa = PBXBuildFile; fileRef = 27A94357014F1CC78914FC8B /* invalid_function.wav */; };
		D2EE38AAC4692FBBD851FBAB /* Current_A.wav in Resources */ = {isa = PBXBuildFile; fileRef = E51F50554A68071A6A0B48D8 /* Current_A.wav */; };
		D8D1EB3B523F3DCE2DE69D6B /* Signal_A+.wav in Resources */ = {isa = PBXBuildFile; fileRef = F5C024728778021DA644CC2D /* Signal_A+.wav */; };
		EDC7AE42ADEC24C4E5047E5B /* Route_End.wav in Resources */ = {isa = PBXBuildFile; fileRef = 99F4AF4A77F655757C98957A /* Route_End.wav */; };
		EEC4954395E11BBFF54B25A1 /* Mallet_Slow_Behind.wav in Resources */ = {isa = PBXBuildFile; fileRef = 7E43627DF6012D8C231EAD74 /* Mallet_Slow_Behind.wav */; };
		F3A23E9DF9B89BA3EEA828F6 /* 2.4_roadFinder_loop_rev2_wFades.wav in Resources */ = {isa = PBXBuildFile; fileRef = 2C574BB3C2BBA256AE5306B2 /* 2.4_roadFinder_loop_rev2_wFades.wav */; };
		F8D566345174B88847E539EA /* Tactile_OnAxis.wav in Resources */ = {isa = PBXBuildFile; fileRef = 7D5F308352F84222DE298286 /* Tactile_OnAxis.wav */; };
		FA5DC5B24D37986462D726EA /* Aug12_Experience_end_4c.wav in Resources */ = {isa = PBXBuildFile; fileRef = 42CBE46F65C3362D34774E54 /* Aug12_Experience_end_4c.wav */; };
		FB933C204A75D7C48FDD3538 /* Current_A+.wav in Resources */ = {isa = PBXBuildFile; fileRef = A53E32885041C8282CEA51F5 /* Current_A+.wav */; };
		FCF91F636792A9DDAD2090BF /* Ping_A+.wav in Resources */ = {isa = PBXBuildFile; fileRef = 421874714AD931DA1842F745 /* Ping_A+.wav */; };
		FFAA8CF7DFE5F77B21533567 /* Mallet_Slow_A+.wav in Resources */ = {isa = PBXBuildFile; fileRef = B022E5E396638BE4DD40E230 /* Mallet_Slow_A+.wav */; };
/* End PBXBuildFile section */

/* Begin PBXFileReference section */
		0205E45E0D2447E886FDA7D5 /* Signal_Very_Slow_A+.wav */ = {isa = PBXFileReference; lastKnownFileType = audio.wav; path = "Signal_Very_Slow_A+.wav"; sourceTree = "<group>"; };
		04D709A0E8819D2B3F826346 /* Classic_OffAxis.wav */ = {isa = PBXFileReference; lastKnownFileType = audio.wav; path = Classic_OffAxis.wav; sourceTree = "<group>"; };
		04E6744764EE0D7F2E47B0C4 /* Classic_OnAxis.wav */ = {isa = PBXFileReference; lastKnownFileType = audio.wav; path = Classic_OnAxis.wav; sourceTree = "<group>"; };
		12210B4764596CE0F91B2D55 /* Ping_B.wav */ = {isa = PBXFileReference; lastKnownFileType = audio.wav; path = Ping_B.wav; sourceTree = "<group>"; };
		15061C74D00EFE34988700A4 /* Travel_inter_v2_spatial_48k.wav */ = {isa = PBXFileReference; lastKnownFileType = audio.wav; path = Travel_inter_v2_spatial_48k.wav; sourceTree = "<group>"; };
		1F36A4560A59DF7925DEEB86 /* callouts_on.wav */ = {isa = PBXFileReference; lastKnownFileType = audio.wav; path = callouts_on.wav; sourceTree = "<group>"; };
		2057B6FF30E6E25B420B43BC /* SS_logo4_48k.wav */ = {isa = PBXFileReference; lastKnownFileType = audio.wav; path = SS_logo4_48k.wav; sourceTree = "<group>"; };
		252328FBC71514C7C7C6BED1 /* Drop_Behind.wav */ = {isa = PBXFileReference; lastKnownFileType = audio.wav; path = Drop_Behind.wav; sourceTree = "<group>"; };
		25DD584361242C90CC360293 /* online.wav */ = {isa = PBXFileReference; lastKnownFileType = audio.wav; path = online.wav; sourceTree = "<group>"; };
		27A94357014F1CC78914FC8B /* invalid_function.wav */ = {isa = PBXFileReference; lastKnownFileType = audio.wav; path = invalid_function.wav; sourceTree = "<group>"; };
		283DCE14EBAC081B4EA68F21 /* hunt_complete.wav */ = {isa = PBXFileReference; lastKnownFileType = audio.wav; path = hunt_complete.wav; sourceTree = "<group>"; };
		2B939D5D6214B3BC13A7F451 /* Proximity_Far.wav */ = {isa = PBXFileReference; lastKnownFileType = audio.wav; path = Proximity_Far.wav; sourceTree = "<group>"; };
		2C574BB3C2BBA256AE5306B2 /* 2.4_roadFinder_loop_rev2_wFades.wav */ = {isa = PBXFileReference; lastKnownFileType = audio.wav; path = 2.4_roadFinder_loop_rev2_wFades.wav; sourceTree = "<group>"; };
		2CDF00E866BD6E5693D1EF7A /* sense_poi.wav */ = {isa = PBXFileReference; lastKnownFileType = audio.wav; path = sense_poi.wav; sourceTree = "<group>"; };
		312AE5F79402F442CC3BA329 /* Flare_A.wav */ = {isa = PBXFileReference; lastKnownFileType = audio.wav; path = Flare_A.wav; sourceTree = "<group>"; };
		3705251F0F13E1FF8DF9F062 /* Signal_A.wav */ = {isa = PBXFileReference; lastKnownFileType = audio.wav; path = Signal_A.wav; sourceTree = "<group>"; };
		384035A23CE2F18C14204BDD /* street_non_1c.wav */ = {isa = PBXFileReference; lastKnownFileType = audio.wav; path = street_non_1c.wav; sourceTree = "<group>"; };
		3BCE242938E2E404FA82A6D6 /* Drop_A.wav */ = {isa = PBXFileReference; lastKnownFileType = audio.wav; path = Drop_A.wav; sourceTree = "<group>"; };
		3C1E7F2B85C7137B40F13E85 /* Drop_A+.wav */ = {isa = PBXFileReference; lastKnownFileType = audio.wav; path = "Drop_A+.wav"; sourceTree = "<group>"; };
		41CCE84464CCFE11C58B7135 /* Mallet_A.wav */ = {isa = PBXFileReference; lastKnownFileType = audio.wav; path = Mallet_A.wav; sourceTree = "<group>"; };
		4201157FFC9CE390162EF44E /* mode_exit.wav */ = {isa = PBXFileReference; lastKnownFileType = audio.wav; path = mode_exit.wav; sourceTree = "<group>"; };
		421874714AD931DA1842F745 /* Ping_A+.wav */ = {isa = PBXFileReference; lastKnownFileType = audio.wav; path = "Ping_A+.wav"; sourceTree = "<group>"; };
		42CBE46F65C3362D34774E54 /* Aug12_Experience_end_4c.wav */ = {isa = PBXFileReference; lastKnownFileType = audio.wav; path = Aug12_Experience_end_4c.wav; sourceTree = "<group>"; };
		42F7A1DCB44CC0504964EE68 /* connection_success.wav */ = {isa = PBXFileReference; lastKnownFileType = audio.wav; path = connection_success.wav; sourceTree = "<group>"; };
		4D8C83822BE65E1494C1BA42 /* sense_safety.wav */ = {isa = PBXFileReference; lastKnownFileType = audio.wav; path = sense_safety.wav; sourceTree = "<group>"; };
		54C85663E032417A1A925B66 /* Mallet_Very_Slow_A.wav */ = {isa = PBXFileReference; lastKnownFileType = audio.wav; path = Mallet_Very_Slow_A.wav; sourceTree = "<group>"; };
		54D7202A29EF44AF40EB7AFB /* Tactile_Behind.wav */ = {isa = PBXFileReference; lastKnownFileType = audio.wav; path = Tactile_Behind.wav; sourceTree = "<group>"; };
		5D95E25EAED5782BB9577F1E /* hush.wav */ = {isa = PBXFileReference; lastKnownFileType = audio.wav; path = hush.wav; sourceTree = "<group>"; };
		5DE9D9164B72A5A1C373CB99 /* virtual_remote_click_up.wav */ = {isa = PBXFileReference; lastKnownFileType = audio.wav; path = virtual_remote_click_up.wav; sourceTree = "<group>"; };
		5DF7ED23A0C9C0B4B78D9340 /* SS_beaconFound2_48k.wav */ = {isa = PBXFileReference; lastKnownFileType = audio.wav; path = SS_beaconFound2_48k.wav; sourceTree = "<group>"; };
		6117E1E3D195272314F528A8 /* Flare_B.wav */ = {isa = PBXFileReference; lastKnownFileType = audio.wav; path = Flare_B.wav; sourceTree = "<group>"; };
		63E3E2F01FD71339D88277E5 /* Current_B.wav */ = {isa = PBXFileReference; lastKnownFileType = audio.wav; path = Current_B.wav; sourceTree = "<group>"; };
		668CECA83ACC03A83C85A623 /* iOSApp.swift */ = {isa = PBXFileReference; lastKnownFileType = sourcecode.swift; path = iOSApp.swift; sourceTree = "<group>"; };
		67D0264180438E394FFF0AD8 /* calibration_success.wav */ = {isa = PBXFileReference; lastKnownFileType = audio.wav; path = calibration_success.wav; sourceTree = "<group>"; };
		685C82A76E09B029BB13067F /* Mallet_Very_Slow_Behind.wav */ = {isa = PBXFileReference; lastKnownFileType = audio.wav; path = Mallet_Very_Slow_Behind.wav; sourceTree = "<group>"; };
		68F437DA8E3B7C8B5756255A /* Flare_Behind.wav */ = {isa = PBXFileReference; lastKnownFileType = audio.wav; path = Flare_Behind.wav; sourceTree = "<group>"; };
		69E27F0F3EFA3E3F3BE3A0E9 /* Shimmer_B.wav */ = {isa = PBXFileReference; lastKnownFileType = audio.wav; path = Shimmer_B.wav; sourceTree = "<group>"; };
		6A8E45B00E6B31D3C6C9FD6B /* virtual_remote_click_down.wav */ = {isa = PBXFileReference; lastKnownFileType = audio.wav; path = virtual_remote_click_down.wav; sourceTree = "<group>"; };
		6F0430DB9B21379E3BCA0A38 /* information_alert.wav */ = {isa = PBXFileReference; lastKnownFileType = audio.wav; path = information_alert.wav; sourceTree = "<group>"; };
		6F54FCBEB0E7C9130DE2DCEC /* Route_Start.wav */ = {isa = PBXFileReference; lastKnownFileType = audio.wav; path = Route_Start.wav; sourceTree = "<group>"; };
		6F83A0C8062DC9F939341406 /* low_confidence.wav */ = {isa = PBXFileReference; lastKnownFileType = audio.wav; path = low_confidence.wav; sourceTree = "<group>"; };
		71CA3CB7FF96500AC8E06567 /* Flare_A+.wav */ = {isa = PBXFileReference; lastKnownFileType = audio.wav; path = "Flare_A+.wav"; sourceTree = "<group>"; };
		7356AED84E046D5CF68CE8EA /* Shimmer_A+.wav */ = {isa = PBXFileReference; lastKnownFileType = audio.wav; path = "Shimmer_A+.wav"; sourceTree = "<group>"; };
		743E229302316CE356D66DA1 /* Signal_Slow_Behind.wav */ = {isa = PBXFileReference; lastKnownFileType = audio.wav; path = Signal_Slow_Behind.wav; sourceTree = "<group>"; };
		75CB794F6E75E91D11A77E79 /* calibration_in_progress.wav */ = {isa = PBXFileReference; lastKnownFileType = audio.wav; path = calibration_in_progress.wav; sourceTree = "<group>"; };
		7C65788EADF304B58D911232 /* Mallet_Very_Slow_A+.wav */ = {isa = PBXFileReference; lastKnownFileType = audio.wav; path = "Mallet_Very_Slow_A+.wav"; sourceTree = "<group>"; };
		7D5F308352F84222DE298286 /* Tactile_OnAxis.wav */ = {isa = PBXFileReference; lastKnownFileType = audio.wav; path = Tactile_OnAxis.wav; sourceTree = "<group>"; };
		7E43627DF6012D8C231EAD74 /* Mallet_Slow_Behind.wav */ = {isa = PBXFileReference; lastKnownFileType = audio.wav; path = Mallet_Slow_Behind.wav; sourceTree = "<group>"; };
		81D445025C4519B474B9EF0F /* Mallet_A+.wav */ = {isa = PBXFileReference; lastKnownFileType = audio.wav; path = "Mallet_A+.wav"; sourceTree = "<group>"; };
		86038AE1032E284E79B32AD6 /* iosApp.app */ = {isa = PBXFileReference; includeInIndex = 0; lastKnownFileType = wrapper.application; path = iosApp.app; sourceTree = BUILT_PRODUCTS_DIR; };
		88027EDA9B404D16AE9EA5E0 /* Tactile_OffAxis.wav */ = {isa = PBXFileReference; lastKnownFileType = audio.wav; path = Tactile_OffAxis.wav; sourceTree = "<group>"; };
		9795345D375DB2DA39BFF6BA /* Travel_end_v2_spatial_48k.wav */ = {isa = PBXFileReference; lastKnownFileType = audio.wav; path = Travel_end_v2_spatial_48k.wav; sourceTree = "<group>"; };
		99F4AF4A77F655757C98957A /* Route_End.wav */ = {isa = PBXFileReference; lastKnownFileType = audio.wav; path = Route_End.wav; sourceTree = "<group>"; };
		A16211ABC92AA5019BABBDE7 /* Signal_Very_Slow_Behind.wav */ = {isa = PBXFileReference; lastKnownFileType = audio.wav; path = Signal_Very_Slow_Behind.wav; sourceTree = "<group>"; };
		A53E32885041C8282CEA51F5 /* Current_A+.wav */ = {isa = PBXFileReference; lastKnownFileType = audio.wav; path = "Current_A+.wav"; sourceTree = "<group>"; };
		B022E5E396638BE4DD40E230 /* Mallet_Slow_A+.wav */ = {isa = PBXFileReference; lastKnownFileType = audio.wav; path = "Mallet_Slow_A+.wav"; sourceTree = "<group>"; };
		B2E371D76DAE4F7CD2FAA3CF /* Travel_reverse_v2_spatial_48k.wav */ = {isa = PBXFileReference; lastKnownFileType = audio.wav; path = Travel_reverse_v2_spatial_48k.wav; sourceTree = "<group>"; };
		B3CEA65971BE054FA297FB8B /* Shimmer_Behind.wav */ = {isa = PBXFileReference; lastKnownFileType = audio.wav; path = Shimmer_Behind.wav; sourceTree = "<group>"; };
		B586A7F21BEAF893CA5F36B0 /* Signal_Slow_A.wav */ = {isa = PBXFileReference; lastKnownFileType = audio.wav; path = Signal_Slow_A.wav; sourceTree = "<group>"; };
		B768E3595918515338960671 /* Travel_start_v2_spatial_48k.wav */ = {isa = PBXFileReference; lastKnownFileType = audio.wav; path = Travel_start_v2_spatial_48k.wav; sourceTree = "<group>"; };
		B88518E3CA71E95AABE1B23E /* Mallet_Behind.wav */ = {isa = PBXFileReference; lastKnownFileType = audio.wav; path = Mallet_Behind.wav; sourceTree = "<group>"; };
		BC140042A52E2DBAA0B24C14 /* Ping_A.wav */ = {isa = PBXFileReference; lastKnownFileType = audio.wav; path = Ping_A.wav; sourceTree = "<group>"; };
		C117AD187833E2513BD2F553 /* Info.plist */ = {isa = PBXFileReference; lastKnownFileType = text.plist; path = Info.plist; sourceTree = "<group>"; };
		C18A5C16FA5A61A90F21AC67 /* Signal_Very_Slow_A.wav */ = {isa = PBXFileReference; lastKnownFileType = audio.wav; path = Signal_Very_Slow_A.wav; sourceTree = "<group>"; };
		C1D9C9B92C46191DC504497C /* Current_Behind.wav */ = {isa = PBXFileReference; lastKnownFileType = audio.wav; path = Current_Behind.wav; sourceTree = "<group>"; };
		C37CBD2959CC0C50EF5D7DAE /* mode_enter.wav */ = {isa = PBXFileReference; lastKnownFileType = audio.wav; path = mode_enter.wav; sourceTree = "<group>"; };
		CB23F44A226359392EDDEE60 /* Mallet_Slow_A.wav */ = {isa = PBXFileReference; lastKnownFileType = audio.wav; path = Mallet_Slow_A.wav; sourceTree = "<group>"; };
		CE8509E5A49E4A5CAAEB3ADB /* ContentView.swift */ = {isa = PBXFileReference; lastKnownFileType = sourcecode.swift; path = ContentView.swift; sourceTree = "<group>"; };
		D2124FCF3D3FA3BD6EEF93F4 /* SS_streetFound_48k.wav */ = {isa = PBXFileReference; lastKnownFileType = audio.wav; path = SS_streetFound_48k.wav; sourceTree = "<group>"; };
		D77A7CC59EB8822AFB41EBF7 /* Shimmer_A.wav */ = {isa = PBXFileReference; lastKnownFileType = audio.wav; path = Shimmer_A.wav; sourceTree = "<group>"; };
		DAE44CF4D9C86213E8615448 /* flag_found.wav */ = {isa = PBXFileReference; lastKnownFileType = audio.wav; path = flag_found.wav; sourceTree = "<group>"; };
		DFB88C2C9B850E0ABBAC2057 /* sense_mobility.wav */ = {isa = PBXFileReference; lastKnownFileType = audio.wav; path = sense_mobility.wav; sourceTree = "<group>"; };
		DFEED1EB99A2F52A9BFDC076 /* callouts_off.wav */ = {isa = PBXFileReference; lastKnownFileType = audio.wav; path = callouts_off.wav; sourceTree = "<group>"; };
		E4EE6004814BF92C29FCA04A /* Proximity_Close.wav */ = {isa = PBXFileReference; lastKnownFileType = audio.wav; path = Proximity_Close.wav; sourceTree = "<group>"; };
		E51F50554A68071A6A0B48D8 /* Current_A.wav */ = {isa = PBXFileReference; lastKnownFileType = audio.wav; path = Current_A.wav; sourceTree = "<group>"; };
		E7660E8AB3BD10190361B955 /* Signal_Slow_A+.wav */ = {isa = PBXFileReference; lastKnownFileType = audio.wav; path = "Signal_Slow_A+.wav"; sourceTree = "<group>"; };
		EA68DA79CF33052DDCF932AA /* sense_location.wav */ = {isa = PBXFileReference; lastKnownFileType = audio.wav; path = sense_location.wav; sourceTree = "<group>"; };
		F27C0CE5404CC1C22F7D4278 /* app_launch.wav */ = {isa = PBXFileReference; lastKnownFileType = audio.wav; path = app_launch.wav; sourceTree = "<group>"; };
		F543015C899423D4B01CEB2E /* Assets.xcassets */ = {isa = PBXFileReference; lastKnownFileType = folder.assetcatalog; path = Assets.xcassets; sourceTree = "<group>"; };
		F5C024728778021DA644CC2D /* Signal_A+.wav */ = {isa = PBXFileReference; lastKnownFileType = audio.wav; path = "Signal_A+.wav"; sourceTree = "<group>"; };
		FE46E8BE7F5C0D4E6C52A2AA /* offline.wav */ = {isa = PBXFileReference; lastKnownFileType = audio.wav; path = offline.wav; sourceTree = "<group>"; };
/* End PBXFileReference section */

/* Begin PBXGroup section */
		1DB4B685CAEE8BEFEBBAEF94 /* iosApp */ = {
			isa = PBXGroup;
			children = (
				F543015C899423D4B01CEB2E /* Assets.xcassets */,
				CE8509E5A49E4A5CAAEB3ADB /* ContentView.swift */,
				C117AD187833E2513BD2F553 /* Info.plist */,
				668CECA83ACC03A83C85A623 /* iOSApp.swift */,
				8AC3FADF480787D36FB0A878 /* Sounds */,
			);
			path = iosApp;
			sourceTree = "<group>";
		};
		38B69C3F79CD97858CF7B609 = {
			isa = PBXGroup;
			children = (
				1DB4B685CAEE8BEFEBBAEF94 /* iosApp */,
				94C98B8B3A2BFC1966447269 /* Products */,
			);
			sourceTree = "<group>";
		};
		8AC3FADF480787D36FB0A878 /* Sounds */ = {
			isa = PBXGroup;
			children = (
				2C574BB3C2BBA256AE5306B2 /* 2.4_roadFinder_loop_rev2_wFades.wav */,
				F27C0CE5404CC1C22F7D4278 /* app_launch.wav */,
				42CBE46F65C3362D34774E54 /* Aug12_Experience_end_4c.wav */,
				75CB794F6E75E91D11A77E79 /* calibration_in_progress.wav */,
				67D0264180438E394FFF0AD8 /* calibration_success.wav */,
				DFEED1EB99A2F52A9BFDC076 /* callouts_off.wav */,
				1F36A4560A59DF7925DEEB86 /* callouts_on.wav */,
				04D709A0E8819D2B3F826346 /* Classic_OffAxis.wav */,
				04E6744764EE0D7F2E47B0C4 /* Classic_OnAxis.wav */,
				42F7A1DCB44CC0504964EE68 /* connection_success.wav */,
				E51F50554A68071A6A0B48D8 /* Current_A.wav */,
				A53E32885041C8282CEA51F5 /* Current_A+.wav */,
				63E3E2F01FD71339D88277E5 /* Current_B.wav */,
				C1D9C9B92C46191DC504497C /* Current_Behind.wav */,
				3BCE242938E2E404FA82A6D6 /* Drop_A.wav */,
				3C1E7F2B85C7137B40F13E85 /* Drop_A+.wav */,
				252328FBC71514C7C7C6BED1 /* Drop_Behind.wav */,
				DAE44CF4D9C86213E8615448 /* flag_found.wav */,
				312AE5F79402F442CC3BA329 /* Flare_A.wav */,
				71CA3CB7FF96500AC8E06567 /* Flare_A+.wav */,
				6117E1E3D195272314F528A8 /* Flare_B.wav */,
				68F437DA8E3B7C8B5756255A /* Flare_Behind.wav */,
				283DCE14EBAC081B4EA68F21 /* hunt_complete.wav */,
				5D95E25EAED5782BB9577F1E /* hush.wav */,
				6F0430DB9B21379E3BCA0A38 /* information_alert.wav */,
				27A94357014F1CC78914FC8B /* invalid_function.wav */,
				6F83A0C8062DC9F939341406 /* low_confidence.wav */,
				41CCE84464CCFE11C58B7135 /* Mallet_A.wav */,
				81D445025C4519B474B9EF0F /* Mallet_A+.wav */,
				B88518E3CA71E95AABE1B23E /* Mallet_Behind.wav */,
				CB23F44A226359392EDDEE60 /* Mallet_Slow_A.wav */,
				B022E5E396638BE4DD40E230 /* Mallet_Slow_A+.wav */,
				7E43627DF6012D8C231EAD74 /* Mallet_Slow_Behind.wav */,
				54C85663E032417A1A925B66 /* Mallet_Very_Slow_A.wav */,
				7C65788EADF304B58D911232 /* Mallet_Very_Slow_A+.wav */,
				685C82A76E09B029BB13067F /* Mallet_Very_Slow_Behind.wav */,
				C37CBD2959CC0C50EF5D7DAE /* mode_enter.wav */,
				4201157FFC9CE390162EF44E /* mode_exit.wav */,
				FE46E8BE7F5C0D4E6C52A2AA /* offline.wav */,
				25DD584361242C90CC360293 /* online.wav */,
				BC140042A52E2DBAA0B24C14 /* Ping_A.wav */,
				421874714AD931DA1842F745 /* Ping_A+.wav */,
				12210B4764596CE0F91B2D55 /* Ping_B.wav */,
				E4EE6004814BF92C29FCA04A /* Proximity_Close.wav */,
				2B939D5D6214B3BC13A7F451 /* Proximity_Far.wav */,
				99F4AF4A77F655757C98957A /* Route_End.wav */,
				6F54FCBEB0E7C9130DE2DCEC /* Route_Start.wav */,
				EA68DA79CF33052DDCF932AA /* sense_location.wav */,
				DFB88C2C9B850E0ABBAC2057 /* sense_mobility.wav */,
				2CDF00E866BD6E5693D1EF7A /* sense_poi.wav */,
				4D8C83822BE65E1494C1BA42 /* sense_safety.wav */,
				D77A7CC59EB8822AFB41EBF7 /* Shimmer_A.wav */,
				7356AED84E046D5CF68CE8EA /* Shimmer_A+.wav */,
				69E27F0F3EFA3E3F3BE3A0E9 /* Shimmer_B.wav */,
				B3CEA65971BE054FA297FB8B /* Shimmer_Behind.wav */,
				3705251F0F13E1FF8DF9F062 /* Signal_A.wav */,
				F5C024728778021DA644CC2D /* Signal_A+.wav */,
				B586A7F21BEAF893CA5F36B0 /* Signal_Slow_A.wav */,
				E7660E8AB3BD10190361B955 /* Signal_Slow_A+.wav */,
				743E229302316CE356D66DA1 /* Signal_Slow_Behind.wav */,
				C18A5C16FA5A61A90F21AC67 /* Signal_Very_Slow_A.wav */,
				0205E45E0D2447E886FDA7D5 /* Signal_Very_Slow_A+.wav */,
				A16211ABC92AA5019BABBDE7 /* Signal_Very_Slow_Behind.wav */,
				5DF7ED23A0C9C0B4B78D9340 /* SS_beaconFound2_48k.wav */,
				2057B6FF30E6E25B420B43BC /* SS_logo4_48k.wav */,
				D2124FCF3D3FA3BD6EEF93F4 /* SS_streetFound_48k.wav */,
				384035A23CE2F18C14204BDD /* street_non_1c.wav */,
				54D7202A29EF44AF40EB7AFB /* Tactile_Behind.wav */,
				88027EDA9B404D16AE9EA5E0 /* Tactile_OffAxis.wav */,
				7D5F308352F84222DE298286 /* Tactile_OnAxis.wav */,
				9795345D375DB2DA39BFF6BA /* Travel_end_v2_spatial_48k.wav */,
				15061C74D00EFE34988700A4 /* Travel_inter_v2_spatial_48k.wav */,
				B2E371D76DAE4F7CD2FAA3CF /* Travel_reverse_v2_spatial_48k.wav */,
				B768E3595918515338960671 /* Travel_start_v2_spatial_48k.wav */,
				6A8E45B00E6B31D3C6C9FD6B /* virtual_remote_click_down.wav */,
				5DE9D9164B72A5A1C373CB99 /* virtual_remote_click_up.wav */,
			);
			path = Sounds;
			sourceTree = "<group>";
		};
		94C98B8B3A2BFC1966447269 /* Products */ = {
			isa = PBXGroup;
			children = (
				86038AE1032E284E79B32AD6 /* iosApp.app */,
			);
			name = Products;
			sourceTree = "<group>";
		};
/* End PBXGroup section */

/* Begin PBXNativeTarget section */
		78B53CC79860CBFC2F5543C6 /* iosApp */ = {
			isa = PBXNativeTarget;
			buildConfigurationList = 29DCA9F0B3A40325067EB163 /* Build configuration list for PBXNativeTarget "iosApp" */;
			buildPhases = (
				B80CB09103FF423E9A215DEE /* Build Kotlin Framework */,
				297B59D9CE634556D6007C40 /* Sources */,
				1623B02D10928C8101C1F806 /* Resources */,
			);
			buildRules = (
			);
			dependencies = (
			);
			name = iosApp;
			packageProductDependencies = (
			);
			productName = iosApp;
			productReference = 86038AE1032E284E79B32AD6 /* iosApp.app */;
			productType = "com.apple.product-type.application";
		};
/* End PBXNativeTarget section */

/* Begin PBXProject section */
		242FB5348943441C388468CE /* Project object */ = {
			isa = PBXProject;
			attributes = {
				BuildIndependentTargetsInParallel = YES;
				LastUpgradeCheck = 1430;
				TargetAttributes = {
				};
			};
			buildConfigurationList = FF7CA1CA754D017066F1822F /* Build configuration list for PBXProject "iosApp" */;
			developmentRegion = en;
			hasScannedForEncodings = 0;
			knownRegions = (
				Base,
				en,
			);
			mainGroup = 38B69C3F79CD97858CF7B609;
			minimizedProjectReferenceProxies = 1;
			preferredProjectObjectVersion = 77;
			productRefGroup = 94C98B8B3A2BFC1966447269 /* Products */;
			projectDirPath = "";
			projectRoot = "";
			targets = (
				78B53CC79860CBFC2F5543C6 /* iosApp */,
			);
		};
/* End PBXProject section */

/* Begin PBXResourcesBuildPhase section */
		1623B02D10928C8101C1F806 /* Resources */ = {
			isa = PBXResourcesBuildPhase;
			buildActionMask = 2147483647;
			files = (
				F3A23E9DF9B89BA3EEA828F6 /* 2.4_roadFinder_loop_rev2_wFades.wav in Resources */,
				22EA1CB33A17DCC6FC82406D /* Assets.xcassets in Resources */,
				FA5DC5B24D37986462D726EA /* Aug12_Experience_end_4c.wav in Resources */,
				06CC0636B8547550C9AF8612 /* Classic_OffAxis.wav in Resources */,
				880287031C0FBB2CC8265E0D /* Classic_OnAxis.wav in Resources */,
				FB933C204A75D7C48FDD3538 /* Current_A+.wav in Resources */,
				D2EE38AAC4692FBBD851FBAB /* Current_A.wav in Resources */,
				4E6AF2B1AD9AF9459461F51F /* Current_B.wav in Resources */,
				A990F2CAD29E1B6A7166873E /* Current_Behind.wav in Resources */,
				372BB8DC830A92604266AC09 /* Drop_A+.wav in Resources */,
				440A20EDEC0DC2548A1C45D7 /* Drop_A.wav in Resources */,
				0AE9BEBF8577D39A153B4E95 /* Drop_Behind.wav in Resources */,
				8B96063B6598968AE0A51139 /* Flare_A+.wav in Resources */,
				0D92C5CD92E3FCC7B88CDA05 /* Flare_A.wav in Resources */,
				AB405D03C4F4085B7C2A91EE /* Flare_B.wav in Resources */,
				606A0225BAAFB9D12D3467DB /* Flare_Behind.wav in Resources */,
				A5025FC5F7A1BD4BAA13B123 /* Mallet_A+.wav in Resources */,
				0AF348FD165D104C1A730655 /* Mallet_A.wav in Resources */,
				29F78B53420D0FB948144EBD /* Mallet_Behind.wav in Resources */,
				FFAA8CF7DFE5F77B21533567 /* Mallet_Slow_A+.wav in Resources */,
				3512990AEBD8A7C8A71F5E34 /* Mallet_Slow_A.wav in Resources */,
				EEC4954395E11BBFF54B25A1 /* Mallet_Slow_Behind.wav in Resources */,
				B5E56ED6907A3AA210528AC3 /* Mallet_Very_Slow_A+.wav in Resources */,
				54B9B2ECAB456146D0AE7FDF /* Mallet_Very_Slow_A.wav in Resources */,
				0D1B7CE555C4176F6A127585 /* Mallet_Very_Slow_Behind.wav in Resources */,
				FCF91F636792A9DDAD2090BF /* Ping_A+.wav in Resources */,
				03182DCF6AFF925FFADEFD79 /* Ping_A.wav in Resources */,
				13C0DB2BA18D3AACBF4A935B /* Ping_B.wav in Resources */,
				92602D2C4B4A9ACD2E328C17 /* Proximity_Close.wav in Resources */,
				B2E3B5CD614F94473BEAFFB2 /* Proximity_Far.wav in Resources */,
				EDC7AE42ADEC24C4E5047E5B /* Route_End.wav in Resources */,
				7A30758CEC7BBA80AC679199 /* Route_Start.wav in Resources */,
				2E4D4B754F0413FAF6296F6E /* SS_beaconFound2_48k.wav in Resources */,
				97B06478F69CBEA4581F4E59 /* SS_logo4_48k.wav in Resources */,
				BB445A79986428BEFE434B76 /* SS_streetFound_48k.wav in Resources */,
				65ED681892843A399E9FC70E /* Shimmer_A+.wav in Resources */,
				479242B926A74D7CD51CAF5C /* Shimmer_A.wav in Resources */,
				44BBF84E6963C7C1BDAC2346 /* Shimmer_B.wav in Resources */,
				C85ECD3394A209D1BF66F02E /* Shimmer_Behind.wav in Resources */,
				D8D1EB3B523F3DCE2DE69D6B /* Signal_A+.wav in Resources */,
				0602701CA9701269A9121E1D /* Signal_A.wav in Resources */,
				4588829E44B8D75A7B3D39FC /* Signal_Slow_A+.wav in Resources */,
				B565D8CE1062E1A88096D16E /* Signal_Slow_A.wav in Resources */,
				682AA5F7C4197A75AFA7D170 /* Signal_Slow_Behind.wav in Resources */,
				C33C62DD13619C0216CD7468 /* Signal_Very_Slow_A+.wav in Resources */,
				58051C4733E72E29BAEA4FF7 /* Signal_Very_Slow_A.wav in Resources */,
				BF2367F2E2E2FC977BE3AD2C /* Signal_Very_Slow_Behind.wav in Resources */,
				8CA11E8F52A524F7080D6719 /* Tactile_Behind.wav in Resources */,
				A1F86C87367FCCC68A696660 /* Tactile_OffAxis.wav in Resources */,
				F8D566345174B88847E539EA /* Tactile_OnAxis.wav in Resources */,
				1D6FF000677A4017EC9B1CBF /* Travel_end_v2_spatial_48k.wav in Resources */,
				15EF5F4421C92584F06C98A3 /* Travel_inter_v2_spatial_48k.wav in Resources */,
				7DB9BEBE3CA3CF9F03A16EEC /* Travel_reverse_v2_spatial_48k.wav in Resources */,
				B44679FB977A60AE77543108 /* Travel_start_v2_spatial_48k.wav in Resources */,
				76F62B79888BA91A450287B1 /* app_launch.wav in Resources */,
				B7CAB891FC2D1A9005B631C7 /* calibration_in_progress.wav in Resources */,
				5D07489F8F9DF4B1CDA3ACE2 /* calibration_success.wav in Resources */,
				838F5E44D02A906C838F9833 /* callouts_off.wav in Resources */,
				1A9E3D6C0DE9992087C436DD /* callouts_on.wav in Resources */,
				218E7CBDF9B9485FE0624A32 /* connection_success.wav in Resources */,
				AFF910437C9FADE358658A92 /* flag_found.wav in Resources */,
				566BA84E19965AA3F6EEA34D /* hunt_complete.wav in Resources */,
				466411D1B476EA79C5CC37E9 /* hush.wav in Resources */,
				84D970FD8668C9E00B4C9462 /* information_alert.wav in Resources */,
				CC057C4EBC16E29CBBB353F5 /* invalid_function.wav in Resources */,
				430F33902D687502EC351E1F /* low_confidence.wav in Resources */,
				C07B19A824515173C982E65B /* mode_enter.wav in Resources */,
				18E8A62B92C9364C9E03CC32 /* mode_exit.wav in Resources */,
				A2AB0B1D82AAAE33FB5546F9 /* offline.wav in Resources */,
				28DB1ADBBD0196C823A81FAE /* online.wav in Resources */,
				34E63E7A7605D0C24B597E36 /* sense_location.wav in Resources */,
				61E91A4FC8A40B3CDC568051 /* sense_mobility.wav in Resources */,
				7FC0E22882C21D8F88D9DF9E /* sense_poi.wav in Resources */,
				76FB72C15EC179F6B7B7342D /* sense_safety.wav in Resources */,
				1631675DCEC37D0773C97F98 /* street_non_1c.wav in Resources */,
				A7605106C9CCCADEFB0831DD /* virtual_remote_click_down.wav in Resources */,
				B5838969C3A6D731FB3941BC /* virtual_remote_click_up.wav in Resources */,
			);
			runOnlyForDeploymentPostprocessing = 0;
		};
/* End PBXResourcesBuildPhase section */

/* Begin PBXShellScriptBuildPhase section */
		B80CB09103FF423E9A215DEE /* Build Kotlin Framework */ = {
			isa = PBXShellScriptBuildPhase;
			alwaysOutOfDate = 1;
			buildActionMask = 2147483647;
			files = (
			);
			inputFileListPaths = (
			);
			inputPaths = (
			);
			name = "Build Kotlin Framework";
			outputFileListPaths = (
			);
			outputPaths = (
			);
			runOnlyForDeploymentPostprocessing = 0;
			shellPath = /bin/sh;
			shellScript = "cd \"$SRCROOT/..\"\n./gradlew :shared:embedAndSignAppleFrameworkForXcode\n";
		};
/* End PBXShellScriptBuildPhase section */

/* Begin PBXSourcesBuildPhase section */
		297B59D9CE634556D6007C40 /* Sources */ = {
			isa = PBXSourcesBuildPhase;
			buildActionMask = 2147483647;
			files = (
				56B0305B5D3847FC6B326502 /* ContentView.swift in Sources */,
				307C2654CD5972A25FB7FD87 /* iOSApp.swift in Sources */,
			);
			runOnlyForDeploymentPostprocessing = 0;
		};
/* End PBXSourcesBuildPhase section */

/* Begin XCBuildConfiguration section */
		11814011E7D6EC822BFBC66D /* Release */ = {
			isa = XCBuildConfiguration;
			buildSettings = {
				ALWAYS_SEARCH_USER_PATHS = NO;
				CLANG_ANALYZER_NONNULL = YES;
				CLANG_ANALYZER_NUMBER_OBJECT_CONVERSION = YES_AGGRESSIVE;
				CLANG_CXX_LANGUAGE_STANDARD = "gnu++14";
				CLANG_CXX_LIBRARY = "libc++";
				CLANG_ENABLE_MODULES = YES;
				CLANG_ENABLE_OBJC_ARC = YES;
				CLANG_ENABLE_OBJC_WEAK = YES;
				CLANG_WARN_BLOCK_CAPTURE_AUTORELEASING = YES;
				CLANG_WARN_BOOL_CONVERSION = YES;
				CLANG_WARN_COMMA = YES;
				CLANG_WARN_CONSTANT_CONVERSION = YES;
				CLANG_WARN_DEPRECATED_OBJC_IMPLEMENTATIONS = YES;
				CLANG_WARN_DIRECT_OBJC_ISA_USAGE = YES_ERROR;
				CLANG_WARN_DOCUMENTATION_COMMENTS = YES;
				CLANG_WARN_EMPTY_BODY = YES;
				CLANG_WARN_ENUM_CONVERSION = YES;
				CLANG_WARN_INFINITE_RECURSION = YES;
				CLANG_WARN_INT_CONVERSION = YES;
				CLANG_WARN_NON_LITERAL_NULL_CONVERSION = YES;
				CLANG_WARN_OBJC_IMPLICIT_RETAIN_SELF = YES;
				CLANG_WARN_OBJC_LITERAL_CONVERSION = YES;
				CLANG_WARN_OBJC_ROOT_CLASS = YES_ERROR;
				CLANG_WARN_QUOTED_INCLUDE_IN_FRAMEWORK_HEADER = YES;
				CLANG_WARN_RANGE_LOOP_ANALYSIS = YES;
				CLANG_WARN_STRICT_PROTOTYPES = YES;
				CLANG_WARN_SUSPICIOUS_MOVE = YES;
				CLANG_WARN_UNGUARDED_AVAILABILITY = YES_AGGRESSIVE;
				CLANG_WARN_UNREACHABLE_CODE = YES;
				CLANG_WARN__DUPLICATE_METHOD_MATCH = YES;
				COPY_PHASE_STRIP = NO;
				DEBUG_INFORMATION_FORMAT = "dwarf-with-dsym";
				ENABLE_BITCODE = NO;
				ENABLE_NS_ASSERTIONS = NO;
				ENABLE_STRICT_OBJC_MSGSEND = YES;
				GCC_C_LANGUAGE_STANDARD = gnu11;
				GCC_NO_COMMON_BLOCKS = YES;
				GCC_WARN_64_TO_32_BIT_CONVERSION = YES;
				GCC_WARN_ABOUT_RETURN_TYPE = YES_ERROR;
				GCC_WARN_UNDECLARED_SELECTOR = YES;
				GCC_WARN_UNINITIALIZED_AUTOS = YES_AGGRESSIVE;
				GCC_WARN_UNUSED_FUNCTION = YES;
				GCC_WARN_UNUSED_VARIABLE = YES;
				IPHONEOS_DEPLOYMENT_TARGET = 16.0;
				MTL_ENABLE_DEBUG_INFO = NO;
				MTL_FAST_MATH = YES;
				PRODUCT_NAME = "$(TARGET_NAME)";
				SDKROOT = iphoneos;
				SWIFT_COMPILATION_MODE = wholemodule;
				SWIFT_OPTIMIZATION_LEVEL = "-O";
				SWIFT_VERSION = 5.0;
			};
			name = Release;
		};
		6C824A6EB4BAD43AE2A4BB29 /* Debug */ = {
			isa = XCBuildConfiguration;
			buildSettings = {
				ALWAYS_SEARCH_USER_PATHS = NO;
				CLANG_ANALYZER_NONNULL = YES;
				CLANG_ANALYZER_NUMBER_OBJECT_CONVERSION = YES_AGGRESSIVE;
				CLANG_CXX_LANGUAGE_STANDARD = "gnu++14";
				CLANG_CXX_LIBRARY = "libc++";
				CLANG_ENABLE_MODULES = YES;
				CLANG_ENABLE_OBJC_ARC = YES;
				CLANG_ENABLE_OBJC_WEAK = YES;
				CLANG_WARN_BLOCK_CAPTURE_AUTORELEASING = YES;
				CLANG_WARN_BOOL_CONVERSION = YES;
				CLANG_WARN_COMMA = YES;
				CLANG_WARN_CONSTANT_CONVERSION = YES;
				CLANG_WARN_DEPRECATED_OBJC_IMPLEMENTATIONS = YES;
				CLANG_WARN_DIRECT_OBJC_ISA_USAGE = YES_ERROR;
				CLANG_WARN_DOCUMENTATION_COMMENTS = YES;
				CLANG_WARN_EMPTY_BODY = YES;
				CLANG_WARN_ENUM_CONVERSION = YES;
				CLANG_WARN_INFINITE_RECURSION = YES;
				CLANG_WARN_INT_CONVERSION = YES;
				CLANG_WARN_NON_LITERAL_NULL_CONVERSION = YES;
				CLANG_WARN_OBJC_IMPLICIT_RETAIN_SELF = YES;
				CLANG_WARN_OBJC_LITERAL_CONVERSION = YES;
				CLANG_WARN_OBJC_ROOT_CLASS = YES_ERROR;
				CLANG_WARN_QUOTED_INCLUDE_IN_FRAMEWORK_HEADER = YES;
				CLANG_WARN_RANGE_LOOP_ANALYSIS = YES;
				CLANG_WARN_STRICT_PROTOTYPES = YES;
				CLANG_WARN_SUSPICIOUS_MOVE = YES;
				CLANG_WARN_UNGUARDED_AVAILABILITY = YES_AGGRESSIVE;
				CLANG_WARN_UNREACHABLE_CODE = YES;
				CLANG_WARN__DUPLICATE_METHOD_MATCH = YES;
				COPY_PHASE_STRIP = NO;
				DEBUG_INFORMATION_FORMAT = dwarf;
				ENABLE_BITCODE = NO;
				ENABLE_STRICT_OBJC_MSGSEND = YES;
				ENABLE_TESTABILITY = YES;
				GCC_C_LANGUAGE_STANDARD = gnu11;
				GCC_DYNAMIC_NO_PIC = NO;
				GCC_NO_COMMON_BLOCKS = YES;
				GCC_OPTIMIZATION_LEVEL = 0;
				GCC_PREPROCESSOR_DEFINITIONS = (
					"$(inherited)",
					"DEBUG=1",
				);
				GCC_WARN_64_TO_32_BIT_CONVERSION = YES;
				GCC_WARN_ABOUT_RETURN_TYPE = YES_ERROR;
				GCC_WARN_UNDECLARED_SELECTOR = YES;
				GCC_WARN_UNINITIALIZED_AUTOS = YES_AGGRESSIVE;
				GCC_WARN_UNUSED_FUNCTION = YES;
				GCC_WARN_UNUSED_VARIABLE = YES;
				IPHONEOS_DEPLOYMENT_TARGET = 16.0;
				MTL_ENABLE_DEBUG_INFO = INCLUDE_SOURCE;
				MTL_FAST_MATH = YES;
				ONLY_ACTIVE_ARCH = YES;
				PRODUCT_NAME = "$(TARGET_NAME)";
				SDKROOT = iphoneos;
				SWIFT_ACTIVE_COMPILATION_CONDITIONS = DEBUG;
				SWIFT_OPTIMIZATION_LEVEL = "-Onone";
				SWIFT_VERSION = 5.0;
			};
			name = Debug;
		};
		9221A1FDC06803E8A2FC6E61 /* Debug */ = {
			isa = XCBuildConfiguration;
			buildSettings = {
				ASSETCATALOG_COMPILER_APPICON_NAME = AppIcon;
				CODE_SIGN_IDENTITY = "iPhone Developer";
				FRAMEWORK_SEARCH_PATHS = (
					"$(inherited)",
					"$(SRCROOT)/../shared/build/xcode-frameworks/$(CONFIGURATION)/$(SDK_NAME)",
				);
				INFOPLIST_FILE = iosApp/Info.plist;
				LD_RUNPATH_SEARCH_PATHS = (
					"$(inherited)",
					"@executable_path/Frameworks",
				);
				OTHER_LINKER_FLAGS = (
					"$(inherited)",
					"-framework",
					Shared,
				);
				PRODUCT_BUNDLE_IDENTIFIER = org.scottishtecharmy.soundscape.iosApp;
				SDKROOT = iphoneos;
				TARGETED_DEVICE_FAMILY = "1,2";
			};
			name = Debug;
		};
		AF835BFF1220CA5AB5B867E4 /* Release */ = {
			isa = XCBuildConfiguration;
			buildSettings = {
				ASSETCATALOG_COMPILER_APPICON_NAME = AppIcon;
				CODE_SIGN_IDENTITY = "iPhone Developer";
				FRAMEWORK_SEARCH_PATHS = (
					"$(inherited)",
					"$(SRCROOT)/../shared/build/xcode-frameworks/$(CONFIGURATION)/$(SDK_NAME)",
				);
				INFOPLIST_FILE = iosApp/Info.plist;
				LD_RUNPATH_SEARCH_PATHS = (
					"$(inherited)",
					"@executable_path/Frameworks",
				);
				OTHER_LINKER_FLAGS = (
					"$(inherited)",
					"-framework",
					Shared,
				);
				PRODUCT_BUNDLE_IDENTIFIER = org.scottishtecharmy.soundscape.iosApp;
				SDKROOT = iphoneos;
				TARGETED_DEVICE_FAMILY = "1,2";
			};
			name = Release;
		};
/* End XCBuildConfiguration section */

/* Begin XCConfigurationList section */
		29DCA9F0B3A40325067EB163 /* Build configuration list for PBXNativeTarget "iosApp" */ = {
			isa = XCConfigurationList;
			buildConfigurations = (
				9221A1FDC06803E8A2FC6E61 /* Debug */,
				AF835BFF1220CA5AB5B867E4 /* Release */,
			);
			defaultConfigurationIsVisible = 0;
			defaultConfigurationName = Debug;
		};
		FF7CA1CA754D017066F1822F /* Build configuration list for PBXProject "iosApp" */ = {
			isa = XCConfigurationList;
			buildConfigurations = (
				6C824A6EB4BAD43AE2A4BB29 /* Debug */,
				11814011E7D6EC822BFBC66D /* Release */,
			);
			defaultConfigurationIsVisible = 0;
			defaultConfigurationName = Debug;
		};
/* End XCConfigurationList section */
	};
	rootObject = 242FB5348943441C388468CE /* Project object */;
}
